// !$*UTF8*$!
{
	archiveVersion = 1;
	classes = {
	};
	objectVersion = 46;
	objects = {

/* Begin PBXBuildFile section */
		38239EE31A48E26F0070CE6C /* WebViewJavascriptBridge.js.txt in Resources */ = {isa = PBXBuildFile; fileRef = 38239EE01A48E26F0070CE6C /* WebViewJavascriptBridge.js.txt */; };
		38239EE41A48E26F0070CE6C /* WebViewJavascriptBridge.m in Sources */ = {isa = PBXBuildFile; fileRef = 38239EE11A48E26F0070CE6C /* WebViewJavascriptBridge.m */; };
		386A89121A464AAD00F6D268 /* Constants.m in Sources */ = {isa = PBXBuildFile; fileRef = 386A89111A464AAD00F6D268 /* Constants.m */; };
		38BCC0AE1A4575A80018406C /* D3WKViewController.m in Sources */ = {isa = PBXBuildFile; fileRef = 38BCC0AD1A4575A80018406C /* D3WKViewController.m */; };
		38D94C661A439E3400BC3668 /* main.m in Sources */ = {isa = PBXBuildFile; fileRef = 38D94C651A439E3400BC3668 /* main.m */; };
		38D94C691A439E3400BC3668 /* AppDelegate.m in Sources */ = {isa = PBXBuildFile; fileRef = 38D94C681A439E3400BC3668 /* AppDelegate.m */; };
		38D94C6C1A439E3400BC3668 /* PreIOS8ViewController.m in Sources */ = {isa = PBXBuildFile; fileRef = 38D94C6B1A439E3400BC3668 /* PreIOS8ViewController.m */; };
		38D94C6F1A439E3400BC3668 /* Main.storyboard in Resources */ = {isa = PBXBuildFile; fileRef = 38D94C6D1A439E3400BC3668 /* Main.storyboard */; };
		38D94C711A439E3400BC3668 /* Images.xcassets in Resources */ = {isa = PBXBuildFile; fileRef = 38D94C701A439E3400BC3668 /* Images.xcassets */; };
		38D94C741A439E3400BC3668 /* LaunchScreen.xib in Resources */ = {isa = PBXBuildFile; fileRef = 38D94C721A439E3400BC3668 /* LaunchScreen.xib */; };
		38D94C801A439E3400BC3668 /* D3iOSTests.m in Sources */ = {isa = PBXBuildFile; fileRef = 38D94C7F1A439E3400BC3668 /* D3iOSTests.m */; };
		38D94C8E1A439FCA00BC3668 /* WebKit.framework in Frameworks */ = {isa = PBXBuildFile; fileRef = 38D94C8D1A439FCA00BC3668 /* WebKit.framework */; };
		38D94C911A43A24E00BC3668 /* WebKitController.m in Sources */ = {isa = PBXBuildFile; fileRef = 38D94C901A43A24E00BC3668 /* WebKitController.m */; };
		38D94C931A43AB4200BC3668 /* d3.min.js in Resources */ = {isa = PBXBuildFile; fileRef = 38D94C921A43AB4200BC3668 /* d3.min.js */; };
/* End PBXBuildFile section */

/* Begin PBXContainerItemProxy section */
		38D94C7A1A439E3400BC3668 /* PBXContainerItemProxy */ = {
			isa = PBXContainerItemProxy;
			containerPortal = 38D94C581A439E3300BC3668 /* Project object */;
			proxyType = 1;
			remoteGlobalIDString = 38D94C5F1A439E3400BC3668;
			remoteInfo = D3iOS;
		};
/* End PBXContainerItemProxy section */

/* Begin PBXFileReference section */
		38239EE01A48E26F0070CE6C /* WebViewJavascriptBridge.js.txt */ = {isa = PBXFileReference; fileEncoding = 4; lastKnownFileType = text; path = WebViewJavascriptBridge.js.txt; sourceTree = "<group>"; };
		38239EE11A48E26F0070CE6C /* WebViewJavascriptBridge.m */ = {isa = PBXFileReference; fileEncoding = 4; lastKnownFileType = sourcecode.c.objc; path = WebViewJavascriptBridge.m; sourceTree = "<group>"; };
		38239EE21A48E26F0070CE6C /* WebViewJavascriptBridge.h */ = {isa = PBXFileReference; fileEncoding = 4; lastKnownFileType = sourcecode.c.h; path = WebViewJavascriptBridge.h; sourceTree = "<group>"; };
		386A89101A464AAD00F6D268 /* Constants.h */ = {isa = PBXFileReference; fileEncoding = 4; lastKnownFileType = sourcecode.c.h; path = Constants.h; sourceTree = "<group>"; };
		386A89111A464AAD00F6D268 /* Constants.m */ = {isa = PBXFileReference; fileEncoding = 4; lastKnownFileType = sourcecode.c.objc; path = Constants.m; sourceTree = "<group>"; };
		38BCC0AC1A4575A80018406C /* D3WKViewController.h */ = {isa = PBXFileReference; fileEncoding = 4; lastKnownFileType = sourcecode.c.h; path = D3WKViewController.h; sourceTree = "<group>"; };
		38BCC0AD1A4575A80018406C /* D3WKViewController.m */ = {isa = PBXFileReference; fileEncoding = 4; lastKnownFileType = sourcecode.c.objc; path = D3WKViewController.m; sourceTree = "<group>"; };
		38D94C601A439E3400BC3668 /* D3iOS.app */ = {isa = PBXFileReference; explicitFileType = wrapper.application; includeInIndex = 0; path = D3iOS.app; sourceTree = BUILT_PRODUCTS_DIR; };
		38D94C641A439E3400BC3668 /* Info.plist */ = {isa = PBXFileReference; lastKnownFileType = text.plist.xml; path = Info.plist; sourceTree = "<group>"; };
		38D94C651A439E3400BC3668 /* main.m */ = {isa = PBXFileReference; lastKnownFileType = sourcecode.c.objc; path = main.m; sourceTree = "<group>"; };
		38D94C671A439E3400BC3668 /* AppDelegate.h */ = {isa = PBXFileReference; lastKnownFileType = sourcecode.c.h; path = AppDelegate.h; sourceTree = "<group>"; };
		38D94C681A439E3400BC3668 /* AppDelegate.m */ = {isa = PBXFileReference; lastKnownFileType = sourcecode.c.objc; path = AppDelegate.m; sourceTree = "<group>"; };
		38D94C6A1A439E3400BC3668 /* PreIOS8ViewController.h */ = {isa = PBXFileReference; lastKnownFileType = sourcecode.c.h; path = PreIOS8ViewController.h; sourceTree = "<group>"; };
		38D94C6B1A439E3400BC3668 /* PreIOS8ViewController.m */ = {isa = PBXFileReference; lastKnownFileType = sourcecode.c.objc; path = PreIOS8ViewController.m; sourceTree = "<group>"; };
		38D94C6E1A439E3400BC3668 /* Base */ = {isa = PBXFileReference; lastKnownFileType = file.storyboard; name = Base; path = Base.lproj/Main.storyboard; sourceTree = "<group>"; };
		38D94C701A439E3400BC3668 /* Images.xcassets */ = {isa = PBXFileReference; lastKnownFileType = folder.assetcatalog; path = Images.xcassets; sourceTree = "<group>"; };
		38D94C731A439E3400BC3668 /* Base */ = {isa = PBXFileReference; lastKnownFileType = file.xib; name = Base; path = Base.lproj/LaunchScreen.xib; sourceTree = "<group>"; };
		38D94C791A439E3400BC3668 /* D3iOSTests.xctest */ = {isa = PBXFileReference; explicitFileType = wrapper.cfbundle; includeInIndex = 0; path = D3iOSTests.xctest; sourceTree = BUILT_PRODUCTS_DIR; };
		38D94C7E1A439E3400BC3668 /* Info.plist */ = {isa = PBXFileReference; lastKnownFileType = text.plist.xml; path = Info.plist; sourceTree = "<group>"; };
		38D94C7F1A439E3400BC3668 /* D3iOSTests.m */ = {isa = PBXFileReference; lastKnownFileType = sourcecode.c.objc; path = D3iOSTests.m; sourceTree = "<group>"; };
		38D94C8D1A439FCA00BC3668 /* WebKit.framework */ = {isa = PBXFileReference; lastKnownFileType = wrapper.framework; name = WebKit.framework; path = System/Library/Frameworks/WebKit.framework; sourceTree = SDKROOT; };
		38D94C8F1A43A24E00BC3668 /* WebKitController.h */ = {isa = PBXFileReference; fileEncoding = 4; lastKnownFileType = sourcecode.c.h; path = WebKitController.h; sourceTree = "<group>"; };
		38D94C901A43A24E00BC3668 /* WebKitController.m */ = {isa = PBXFileReference; fileEncoding = 4; lastKnownFileType = sourcecode.c.objc; path = WebKitController.m; sourceTree = "<group>"; };
		38D94C921A43AB4200BC3668 /* d3.min.js */ = {isa = PBXFileReference; fileEncoding = 4; lastKnownFileType = sourcecode.javascript; path = d3.min.js; sourceTree = "<group>"; };
/* End PBXFileReference section */

/* Begin PBXFrameworksBuildPhase section */
		38D94C5D1A439E3400BC3668 /* Frameworks */ = {
			isa = PBXFrameworksBuildPhase;
			buildActionMask = 2147483647;
			files = (
				38D94C8E1A439FCA00BC3668 /* WebKit.framework in Frameworks */,
			);
			runOnlyForDeploymentPostprocessing = 0;
		};
		38D94C761A439E3400BC3668 /* Frameworks */ = {
			isa = PBXFrameworksBuildPhase;
			buildActionMask = 2147483647;
			files = (
			);
			runOnlyForDeploymentPostprocessing = 0;
		};
/* End PBXFrameworksBuildPhase section */

/* Begin PBXGroup section */
		38239EE51A48E2720070CE6C /* JavsScriptBridge */ = {
			isa = PBXGroup;
			children = (
				38239EE01A48E26F0070CE6C /* WebViewJavascriptBridge.js.txt */,
				38239EE11A48E26F0070CE6C /* WebViewJavascriptBridge.m */,
				38239EE21A48E26F0070CE6C /* WebViewJavascriptBridge.h */,
			);
			name = JavsScriptBridge;
			sourceTree = "<group>";
		};
		38D94C571A439E3300BC3668 = {
			isa = PBXGroup;
			children = (
				38D94C961A43AF0700BC3668 /* Framework */,
				38D94C621A439E3400BC3668 /* D3iOS */,
				38D94C7C1A439E3400BC3668 /* D3iOSTests */,
				38D94C611A439E3400BC3668 /* Products */,
			);
			sourceTree = "<group>";
		};
		38D94C611A439E3400BC3668 /* Products */ = {
			isa = PBXGroup;
			children = (
				38D94C601A439E3400BC3668 /* D3iOS.app */,
				38D94C791A439E3400BC3668 /* D3iOSTests.xctest */,
			);
			name = Products;
			sourceTree = "<group>";
		};
		38D94C621A439E3400BC3668 /* D3iOS */ = {
			isa = PBXGroup;
			children = (
				386A89101A464AAD00F6D268 /* Constants.h */,
				386A89111A464AAD00F6D268 /* Constants.m */,
				38D94C671A439E3400BC3668 /* AppDelegate.h */,
				38D94C681A439E3400BC3668 /* AppDelegate.m */,
				38D94C8A1A439F4B00BC3668 /* Model */,
				38D94C891A439F3C00BC3668 /* Controller */,
				38D94C8B1A439F5700BC3668 /* View */,
				38D94C701A439E3400BC3668 /* Images.xcassets */,
				38D94C721A439E3400BC3668 /* LaunchScreen.xib */,
				38D94C631A439E3400BC3668 /* Supporting Files */,
			);
			path = D3iOS;
			sourceTree = "<group>";
		};
		38D94C631A439E3400BC3668 /* Supporting Files */ = {
			isa = PBXGroup;
			children = (
				38D94C921A43AB4200BC3668 /* d3.min.js */,
				38239EE51A48E2720070CE6C /* JavsScriptBridge */,
				38D94C641A439E3400BC3668 /* Info.plist */,
				38D94C651A439E3400BC3668 /* main.m */,
			);
			name = "Supporting Files";
			sourceTree = "<group>";
		};
		38D94C7C1A439E3400BC3668 /* D3iOSTests */ = {
			isa = PBXGroup;
			children = (
				38D94C7F1A439E3400BC3668 /* D3iOSTests.m */,
				38D94C7D1A439E3400BC3668 /* Supporting Files */,
			);
			path = D3iOSTests;
			sourceTree = "<group>";
		};
		38D94C7D1A439E3400BC3668 /* Supporting Files */ = {
			isa = PBXGroup;
			children = (
				38D94C7E1A439E3400BC3668 /* Info.plist */,
			);
			name = "Supporting Files";
			sourceTree = "<group>";
		};
		38D94C891A439F3C00BC3668 /* Controller */ = {
			isa = PBXGroup;
			children = (
				38D94C8C1A439F8500BC3668 /* D3Controller */,
				38D94C6A1A439E3400BC3668 /* PreIOS8ViewController.h */,
				38D94C6B1A439E3400BC3668 /* PreIOS8ViewController.m */,
				38BCC0AC1A4575A80018406C /* D3WKViewController.h */,
				38BCC0AD1A4575A80018406C /* D3WKViewController.m */,
			);
			name = Controller;
			sourceTree = "<group>";
		};
		38D94C8A1A439F4B00BC3668 /* Model */ = {
			isa = PBXGroup;
			children = (
			);
			name = Model;
			sourceTree = "<group>";
		};
		38D94C8B1A439F5700BC3668 /* View */ = {
			isa = PBXGroup;
			children = (
				38D94C6D1A439E3400BC3668 /* Main.storyboard */,
			);
			name = View;
			sourceTree = "<group>";
		};
		38D94C8C1A439F8500BC3668 /* D3Controller */ = {
			isa = PBXGroup;
			children = (
				38D94C8F1A43A24E00BC3668 /* WebKitController.h */,
				38D94C901A43A24E00BC3668 /* WebKitController.m */,
			);
			name = D3Controller;
			sourceTree = "<group>";
		};
		38D94C961A43AF0700BC3668 /* Framework */ = {
			isa = PBXGroup;
			children = (
				38D94C8D1A439FCA00BC3668 /* WebKit.framework */,
			);
			name = Framework;
			sourceTree = "<group>";
		};
/* End PBXGroup section */

/* Begin PBXNativeTarget section */
		38D94C5F1A439E3400BC3668 /* D3iOS */ = {
			isa = PBXNativeTarget;
			buildConfigurationList = 38D94C831A439E3400BC3668 /* Build configuration list for PBXNativeTarget "D3iOS" */;
			buildPhases = (
				38D94C5C1A439E3400BC3668 /* Sources */,
				38D94C5D1A439E3400BC3668 /* Frameworks */,
				38D94C5E1A439E3400BC3668 /* Resources */,
			);
			buildRules = (
			);
			dependencies = (
			);
			name = D3iOS;
			productName = D3iOS;
			productReference = 38D94C601A439E3400BC3668 /* D3iOS.app */;
			productType = "com.apple.product-type.application";
		};
		38D94C781A439E3400BC3668 /* D3iOSTests */ = {
			isa = PBXNativeTarget;
			buildConfigurationList = 38D94C861A439E3400BC3668 /* Build configuration list for PBXNativeTarget "D3iOSTests" */;
			buildPhases = (
				38D94C751A439E3400BC3668 /* Sources */,
				38D94C761A439E3400BC3668 /* Frameworks */,
				38D94C771A439E3400BC3668 /* Resources */,
			);
			buildRules = (
			);
			dependencies = (
				38D94C7B1A439E3400BC3668 /* PBXTargetDependency */,
			);
			name = D3iOSTests;
			productName = D3iOSTests;
			productReference = 38D94C791A439E3400BC3668 /* D3iOSTests.xctest */;
			productType = "com.apple.product-type.bundle.unit-test";
		};
/* End PBXNativeTarget section */

/* Begin PBXProject section */
		38D94C581A439E3300BC3668 /* Project object */ = {
			isa = PBXProject;
			attributes = {
				LastUpgradeCheck = 0610;
				ORGANIZATIONNAME = "Leonardo Lee";
				TargetAttributes = {
					38D94C5F1A439E3400BC3668 = {
						CreatedOnToolsVersion = 6.1.1;
					};
					38D94C781A439E3400BC3668 = {
						CreatedOnToolsVersion = 6.1.1;
						TestTargetID = 38D94C5F1A439E3400BC3668;
					};
				};
			};
			buildConfigurationList = 38D94C5B1A439E3300BC3668 /* Build configuration list for PBXProject "D3iOS" */;
			compatibilityVersion = "Xcode 3.2";
			developmentRegion = English;
			hasScannedForEncodings = 0;
			knownRegions = (
				en,
				Base,
			);
			mainGroup = 38D94C571A439E3300BC3668;
			productRefGroup = 38D94C611A439E3400BC3668 /* Products */;
			projectDirPath = "";
			projectRoot = "";
			targets = (
				38D94C5F1A439E3400BC3668 /* D3iOS */,
				38D94C781A439E3400BC3668 /* D3iOSTests */,
			);
		};
/* End PBXProject section */

/* Begin PBXResourcesBuildPhase section */
		38D94C5E1A439E3400BC3668 /* Resources */ = {
			isa = PBXResourcesBuildPhase;
			buildActionMask = 2147483647;
			files = (
				38D94C6F1A439E3400BC3668 /* Main.storyboard in Resources */,
				38239EE31A48E26F0070CE6C /* WebViewJavascriptBridge.js.txt in Resources */,
				38D94C931A43AB4200BC3668 /* d3.min.js in Resources */,
				38D94C741A439E3400BC3668 /* LaunchScreen.xib in Resources */,
				38D94C711A439E3400BC3668 /* Images.xcassets in Resources */,
			);
			runOnlyForDeploymentPostprocessing = 0;
		};
		38D94C771A439E3400BC3668 /* Resources */ = {
			isa = PBXResourcesBuildPhase;
			buildActionMask = 2147483647;
			files = (
			);
			runOnlyForDeploymentPostprocessing = 0;
		};
/* End PBXResourcesBuildPhase section */

/* Begin PBXSourcesBuildPhase section */
		38D94C5C1A439E3400BC3668 /* Sources */ = {
			isa = PBXSourcesBuildPhase;
			buildActionMask = 2147483647;
			files = (
				38BCC0AE1A4575A80018406C /* D3WKViewController.m in Sources */,
				38D94C6C1A439E3400BC3668 /* PreIOS8ViewController.m in Sources */,
				38D94C691A439E3400BC3668 /* AppDelegate.m in Sources */,
				38D94C661A439E3400BC3668 /* main.m in Sources */,
				38D94C911A43A24E00BC3668 /* WebKitController.m in Sources */,
				38239EE41A48E26F0070CE6C /* WebViewJavascriptBridge.m in Sources */,
				386A89121A464AAD00F6D268 /* Constants.m in Sources */,
			);
			runOnlyForDeploymentPostprocessing = 0;
		};
		38D94C751A439E3400BC3668 /* Sources */ = {
			isa = PBXSourcesBuildPhase;
			buildActionMask = 2147483647;
			files = (
				38D94C801A439E3400BC3668 /* D3iOSTests.m in Sources */,
			);
			runOnlyForDeploymentPostprocessing = 0;
		};
/* End PBXSourcesBuildPhase section */

/* Begin PBXTargetDependency section */
		38D94C7B1A439E3400BC3668 /* PBXTargetDependency */ = {
			isa = PBXTargetDependency;
			target = 38D94C5F1A439E3400BC3668 /* D3iOS */;
			targetProxy = 38D94C7A1A439E3400BC3668 /* PBXContainerItemProxy */;
		};
/* End PBXTargetDependency section */

/* Begin PBXVariantGroup section */
		38D94C6D1A439E3400BC3668 /* Main.storyboard */ = {
			isa = PBXVariantGroup;
			children = (
				38D94C6E1A439E3400BC3668 /* Base */,
			);
			name = Main.storyboard;
			sourceTree = "<group>";
		};
		38D94C721A439E3400BC3668 /* LaunchScreen.xib */ = {
			isa = PBXVariantGroup;
			children = (
				38D94C731A439E3400BC3668 /* Base */,
			);
			name = LaunchScreen.xib;
			sourceTree = "<group>";
		};
/* End PBXVariantGroup section */

/* Begin XCBuildConfiguration section */
		38D94C811A439E3400BC3668 /* Debug */ = {
			isa = XCBuildConfiguration;
			buildSettings = {
				ALWAYS_SEARCH_USER_PATHS = NO;
				CLANG_CXX_LANGUAGE_STANDARD = "gnu++0x";
				CLANG_CXX_LIBRARY = "libc++";
				CLANG_ENABLE_MODULES = YES;
				CLANG_ENABLE_OBJC_ARC = YES;
				CLANG_WARN_BOOL_CONVERSION = YES;
				CLANG_WARN_CONSTANT_CONVERSION = YES;
				CLANG_WARN_DIRECT_OBJC_ISA_USAGE = YES_ERROR;
				CLANG_WARN_EMPTY_BODY = YES;
				CLANG_WARN_ENUM_CONVERSION = YES;
				CLANG_WARN_INT_CONVERSION = YES;
				CLANG_WARN_OBJC_ROOT_CLASS = YES_ERROR;
				CLANG_WARN_UNREACHABLE_CODE = YES;
				CLANG_WARN__DUPLICATE_METHOD_MATCH = YES;
				"CODE_SIGN_IDENTITY[sdk=iphoneos*]" = "iPhone Developer";
				COPY_PHASE_STRIP = NO;
				ENABLE_STRICT_OBJC_MSGSEND = YES;
				GCC_C_LANGUAGE_STANDARD = gnu99;
				GCC_DYNAMIC_NO_PIC = NO;
				GCC_OPTIMIZATION_LEVEL = 0;
				GCC_PREPROCESSOR_DEFINITIONS = (
					"DEBUG=1",
					"$(inherited)",
				);
				GCC_SYMBOLS_PRIVATE_EXTERN = NO;
				GCC_WARN_64_TO_32_BIT_CONVERSION = YES;
				GCC_WARN_ABOUT_RETURN_TYPE = YES_ERROR;
				GCC_WARN_UNDECLARED_SELECTOR = YES;
				GCC_WARN_UNINITIALIZED_AUTOS = YES_AGGRESSIVE;
				GCC_WARN_UNUSED_FUNCTION = YES;
				GCC_WARN_UNUSED_VARIABLE = YES;
				IPHONEOS_DEPLOYMENT_TARGET = 8.1;
				MTL_ENABLE_DEBUG_INFO = YES;
				ONLY_ACTIVE_ARCH = YES;
				SDKROOT = iphoneos;
				TARGETED_DEVICE_FAMILY = "1,2";
			};
			name = Debug;
		};
		38D94C821A439E3400BC3668 /* Release */ = {
			isa = XCBuildConfiguration;
			buildSettings = {
				ALWAYS_SEARCH_USER_PATHS = NO;
				CLANG_CXX_LANGUAGE_STANDARD = "gnu++0x";
				CLANG_CXX_LIBRARY = "libc++";
				CLANG_ENABLE_MODULES = YES;
				CLANG_ENABLE_OBJC_ARC = YES;
				CLANG_WARN_BOOL_CONVERSION = YES;
				CLANG_WARN_CONSTANT_CONVERSION = YES;
				CLANG_WARN_DIRECT_OBJC_ISA_USAGE = YES_ERROR;
				CLANG_WARN_EMPTY_BODY = YES;
				CLANG_WARN_ENUM_CONVERSION = YES;
				CLANG_WARN_INT_CONVERSION = YES;
				CLANG_WARN_OBJC_ROOT_CLASS = YES_ERROR;
				CLANG_WARN_UNREACHABLE_CODE = YES;
				CLANG_WARN__DUPLICATE_METHOD_MATCH = YES;
				"CODE_SIGN_IDENTITY[sdk=iphoneos*]" = "iPhone Developer";
				COPY_PHASE_STRIP = YES;
				ENABLE_NS_ASSERTIONS = NO;
				ENABLE_STRICT_OBJC_MSGSEND = YES;
				GCC_C_LANGUAGE_STANDARD = gnu99;
				GCC_WARN_64_TO_32_BIT_CONVERSION = YES;
				GCC_WARN_ABOUT_RETURN_TYPE = YES_ERROR;
				GCC_WARN_UNDECLARED_SELECTOR = YES;
				GCC_WARN_UNINITIALIZED_AUTOS = YES_AGGRESSIVE;
				GCC_WARN_UNUSED_FUNCTION = YES;
				GCC_WARN_UNUSED_VARIABLE = YES;
				IPHONEOS_DEPLOYMENT_TARGET = 8.1;
				MTL_ENABLE_DEBUG_INFO = NO;
				SDKROOT = iphoneos;
				TARGETED_DEVICE_FAMILY = "1,2";
				VALIDATE_PRODUCT = YES;
			};
			name = Release;
		};
		38D94C841A439E3400BC3668 /* Debug */ = {
			isa = XCBuildConfiguration;
			buildSettings = {
				ASSETCATALOG_COMPILER_APPICON_NAME = AppIcon;
				ASSETCATALOG_COMPILER_LAUNCHIMAGE_NAME = LaunchImage;
				INFOPLIST_FILE = D3iOS/Info.plist;
				IPHONEOS_DEPLOYMENT_TARGET = 7.0;
				LD_RUNPATH_SEARCH_PATHS = "$(inherited) @executable_path/Frameworks";
				PRODUCT_NAME = "$(TARGET_NAME)";
			};
			name = Debug;
		};
		38D94C851A439E3400BC3668 /* Release */ = {
			isa = XCBuildConfiguration;
			buildSettings = {
				ASSETCATALOG_COMPILER_APPICON_NAME = AppIcon;
				ASSETCATALOG_COMPILER_LAUNCHIMAGE_NAME = LaunchImage;
				INFOPLIST_FILE = D3iOS/Info.plist;
				IPHONEOS_DEPLOYMENT_TARGET = 7.0;
				LD_RUNPATH_SEARCH_PATHS = "$(inherited) @executable_path/Frameworks";
				PRODUCT_NAME = "$(TARGET_NAME)";
			};
			name = Release;
		};
		38D94C871A439E3400BC3668 /* Debug */ = {
			isa = XCBuildConfiguration;
			buildSettings = {
				BUNDLE_LOADER = "$(TEST_HOST)";
				FRAMEWORK_SEARCH_PATHS = (
					"$(SDKROOT)/Developer/Library/Frameworks",
					"$(inherited)",
				);
				GCC_PREPROCESSOR_DEFINITIONS = (
					"DEBUG=1",
					"$(inherited)",
				);
				INFOPLIST_FILE = D3iOSTests/Info.plist;
				LD_RUNPATH_SEARCH_PATHS = "$(inherited) @executable_path/Frameworks @loader_path/Frameworks";
				PRODUCT_NAME = "$(TARGET_NAME)";
				TEST_HOST = "$(BUILT_PRODUCTS_DIR)/D3iOS.app/D3iOS";
			};
			name = Debug;
		};
		38D94C881A439E3400BC3668 /* Release */ = {
			isa = XCBuildConfiguration;
			buildSettings = {
				BUNDLE_LOADER = "$(TEST_HOST)";
				FRAMEWORK_SEARCH_PATHS = (
					"$(SDKROOT)/Developer/Library/Frameworks",
					"$(inherited)",
				);
				INFOPLIST_FILE = D3iOSTests/Info.plist;
				LD_RUNPATH_SEARCH_PATHS = "$(inherited) @executable_path/Frameworks @loader_path/Frameworks";
				PRODUCT_NAME = "$(TARGET_NAME)";
				TEST_HOST = "$(BUILT_PRODUCTS_DIR)/D3iOS.app/D3iOS";
			};
			name = Release;
		};
/* End XCBuildConfiguration section */

/* Begin XCConfigurationList section */
		38D94C5B1A439E3300BC3668 /* Build configuration list for PBXProject "D3iOS" */ = {
			isa = XCConfigurationList;
			buildConfigurations = (
				38D94C811A439E3400BC3668 /* Debug */,
				38D94C821A439E3400BC3668 /* Release */,
			);
			defaultConfigurationIsVisible = 0;
			defaultConfigurationName = Release;
		};
		38D94C831A439E3400BC3668 /* Build configuration list for PBXNativeTarget "D3iOS" */ = {
			isa = XCConfigurationList;
			buildConfigurations = (
				38D94C841A439E3400BC3668 /* Debug */,
				38D94C851A439E3400BC3668 /* Release */,
			);
			defaultConfigurationIsVisible = 0;
			defaultConfigurationName = Release;
		};
		38D94C861A439E3400BC3668 /* Build configuration list for PBXNativeTarget "D3iOSTests" */ = {
			isa = XCConfigurationList;
			buildConfigurations = (
				38D94C871A439E3400BC3668 /* Debug */,
				38D94C881A439E3400BC3668 /* Release */,
			);
			defaultConfigurationIsVisible = 0;
			defaultConfigurationName = Release;
		};
/* End XCConfigurationList section */
	};
	rootObject = 38D94C581A439E3300BC3668 /* Project object */;
}
